
Microsoft Visual Studio Solution File, Format Version 12.00
# Visual Studio 15
Project("{FAE04EC0-301F-11D3-BF4B-00C04F79EFBC}") = "UnityEngine.UI", "UnityEngine.UI.csproj", "{F3066055-E5ED-E4BE-C579-E4AB8AED0E6E}"
EndProject
Project("{FAE04EC0-301F-11D3-BF4B-00C04F79EFBC}") = "RealSense", "RealSense.csproj", "{255278EF-3168-6471-AB4A-B1BBA0B04D35}"
EndProject
Project("{FAE04EC0-301F-11D3-BF4B-00C04F79EFBC}") = "Utils", "Utils.csproj", "{5D35C301-93C1-3FDA-63AC-8658FD23F038}"
EndProject
Project("{FAE04EC0-301F-11D3-BF4B-00C04F79EFBC}") = "Assembly-CSharp-Editor", "Assembly-CSharp-Editor.csproj", "{CEA45A83-2C60-7BE4-A99A-62A9DC8CD4F9}"
EndProject
Project("{FAE04EC0-301F-11D3-BF4B-00C04F79EFBC}") = "UnityEditor.UI", "UnityEditor.UI.csproj", "{CAF59875-4B09-A94A-8A48-93673A1A2400}"
EndProject
Global
	GlobalSection(SolutionConfigurationPlatforms) = preSolution
		Debug|Any CPU = Debug|Any CPU
		Release|Any CPU = Release|Any CPU
	EndGlobalSection
	GlobalSection(ProjectConfigurationPlatforms) = postSolution
		{F3066055-E5ED-E4BE-C579-E4AB8AED0E6E}.Debug|Any CPU.ActiveCfg = Debug|Any CPU
		{F3066055-E5ED-E4BE-C579-E4AB8AED0E6E}.Debug|Any CPU.Build.0 = Debug|Any CPU
		{F3066055-E5ED-E4BE-C579-E4AB8AED0E6E}.Release|Any CPU.ActiveCfg = Release|Any CPU
		{F3066055-E5ED-E4BE-C579-E4AB8AED0E6E}.Release|Any CPU.Build.0 = Release|Any CPU
		{255278EF-3168-6471-AB4A-B1BBA0B04D35}.Debug|Any CPU.ActiveCfg = Debug|Any CPU
		{255278EF-3168-6471-AB4A-B1BBA0B04D35}.Debug|Any CPU.Build.0 = Debug|Any CPU
		{255278EF-3168-6471-AB4A-B1BBA0B04D35}.Release|Any CPU.ActiveCfg = Release|Any CPU
		{255278EF-3168-6471-AB4A-B1BBA0B04D35}.Release|Any CPU.Build.0 = Release|Any CPU
		{5D35C301-93C1-3FDA-63AC-8658FD23F038}.Debug|Any CPU.ActiveCfg = Debug|Any CPU
		{5D35C301-93C1-3FDA-63AC-8658FD23F038}.Debug|Any CPU.Build.0 = Debug|Any CPU
		{5D35C301-93C1-3FDA-63AC-8658FD23F038}.Release|Any CPU.ActiveCfg = Release|Any CPU
		{5D35C301-93C1-3FDA-63AC-8658FD23F038}.Release|Any CPU.Build.0 = Release|Any CPU
		{CEA45A83-2C60-7BE4-A99A-62A9DC8CD4F9}.Debug|Any CPU.ActiveCfg = Debug|Any CPU
		{CEA45A83-2C60-7BE4-A99A-62A9DC8CD4F9}.Debug|Any CPU.Build.0 = Debug|Any CPU
		{CEA45A83-2C60-7BE4-A99A-62A9DC8CD4F9}.Release|Any CPU.ActiveCfg = Release|Any CPU
		{CEA45A83-2C60-7BE4-A99A-62A9DC8CD4F9}.Release|Any CPU.Build.0 = Release|Any CPU
		{CAF59875-4B09-A94A-8A48-93673A1A2400}.Debug|Any CPU.ActiveCfg = Debug|Any CPU
		{CAF59875-4B09-A94A-8A48-93673A1A2400}.Debug|Any CPU.Build.0 = Debug|Any CPU
		{CAF59875-4B09-A94A-8A48-93673A1A2400}.Release|Any CPU.ActiveCfg = Release|Any CPU
		{CAF59875-4B09-A94A-8A48-93673A1A2400}.Release|Any CPU.Build.0 = Release|Any CPU
	EndGlobalSection
	GlobalSection(SolutionProperties) = preSolution
		HideSolutionNode = FALSE
	EndGlobalSection
EndGlobal
