
Microsoft Visual Studio Solution File, Format Version 12.00
# Visual Studio Version 16
VisualStudioVersion = 16.0.810.20
MinimumVisualStudioVersion = 10.0.40219.1
Project("{FAE04EC0-301F-11D3-BF4B-00C04F79EFBC}") = "Intel.RealSense", "Intel.RealSense.csproj", "{6E4BB2C2-A277-4BC1-899F-64D432615A5D}"
EndProject
Global
	GlobalSection(SolutionConfigurationPlatforms) = preSolution
		Debug|Any CPU = Debug|Any CPU
		Release|Any CPU = Release|Any CPU
	EndGlobalSection
	GlobalSection(ProjectConfigurationPlatforms) = postSolution
		{6E4BB2C2-A277-4BC1-899F-64D432615A5D}.Debug|Any CPU.ActiveCfg = Debug|Any CPU
		{6E4BB2C2-A277-4BC1-899F-64D432615A5D}.Debug|Any CPU.Build.0 = Debug|Any CPU
		{6E4BB2C2-A277-4BC1-899F-64D432615A5D}.Release|Any CPU.ActiveCfg = Release|Any CPU
		{6E4BB2C2-A277-4BC1-899F-64D432615A5D}.Release|Any CPU.Build.0 = Release|Any CPU
	EndGlobalSection
	GlobalSection(SolutionProperties) = preSolution
		HideSolutionNode = FALSE
	EndGlobalSection
	GlobalSection(ExtensibilityGlobals) = postSolution
		SolutionGuid = {6493561E-A022-42CF-AA14-A97CE7278407}
	EndGlobalSection
EndGlobal
