
Microsoft Visual Studio Solution File, Format Version 12.00
# Visual Studio Version 16
VisualStudioVersion = 25.0.1700.0
MinimumVisualStudioVersion = 10.0.40219.1
Project("{8BC9CEB9-8B4A-11D0-8D11-00A0C91BC942}") = "Intel.RealSense", "Intel.RealSense.dll", "{179B1BE5-27DE-4DDD-B667-D90413D7152A}"
EndProject
Global
	GlobalSection(SolutionConfigurationPlatforms) = preSolution
		Default|Any CPU = Default|Any CPU
	EndGlobalSection
	GlobalSection(ProjectConfigurationPlatforms) = postSolution
		{179B1BE5-27DE-4DDD-B667-D90413D7152A}.Default|Any CPU.ActiveCfg = Default|Any CPU
		{179B1BE5-27DE-4DDD-B667-D90413D7152A}.Default|Any CPU.Build.0 = Default|Any CPU
	EndGlobalSection
	GlobalSection(SolutionProperties) = preSolution
		HideSolutionNode = FALSE
	EndGlobalSection
	GlobalSection(ExtensibilityGlobals) = postSolution
		SolutionGuid = {9AD14581-2B64-44DF-B3A3-235A14E74355}
	EndGlobalSection
EndGlobal
